{
    "name": "info.autocosts",
    "version": "1.0.0",
    "lockfileVersion": 1,
    "requires": true,
    "dependencies": {
        "ansi-regex": {
            "version": "1.1.1",
            "resolved": "https://registry.npmjs.org/ansi-regex/-/ansi-regex-1.1.1.tgz",
            "integrity": "sha1-QchHGUZGN15qGl0Qw8oFTvn8mA0="
        },
        "ansi-styles": {
            "version": "1.1.0",
            "resolved": "https://registry.npmjs.org/ansi-styles/-/ansi-styles-1.1.0.tgz",
            "integrity": "sha1-6uy/Zs1waIJ2Cy9GkVgrj1XXp94="
        },
        "boolbase": {
            "version": "1.0.0",
            "resolved": "https://registry.npmjs.org/boolbase/-/boolbase-1.0.0.tgz",
            "integrity": "sha1-aN/1++YMUes3cl6p4+0xDcwed24="
        },
        "chalk": {
            "version": "0.5.1",
            "resolved": "https://registry.npmjs.org/chalk/-/chalk-0.5.1.tgz",
            "integrity": "sha1-Zjs6ZItotV0EaQ1JFnqoN4WPIXQ=",
            "requires": {
                "ansi-styles": "1.1.0",
                "escape-string-regexp": "1.0.5",
                "has-ansi": "0.1.0",
                "strip-ansi": "0.3.0",
                "supports-color": "0.2.0"
            }
        },
        "chart.js": {
            "version": "2.6.0",
            "resolved": "https://registry.npmjs.org/chart.js/-/chart.js-2.6.0.tgz",
            "integrity": "sha1-MI+aSwv+1aFUwU9d6x2UcNIqvnE=",
            "requires": {
                "chartjs-color": "2.1.0",
                "moment": "2.18.1"
            }
        },
        "chartjs-color": {
            "version": "2.1.0",
            "resolved": "https://registry.npmjs.org/chartjs-color/-/chartjs-color-2.1.0.tgz",
            "integrity": "sha1-nDmsgwzNmJlq6AyfEQhv8SyYp1Y=",
            "requires": {
                "chartjs-color-string": "0.4.0",
                "color-convert": "0.5.3"
            }
        },
        "chartjs-color-string": {
            "version": "0.4.0",
            "resolved": "https://registry.npmjs.org/chartjs-color-string/-/chartjs-color-string-0.4.0.tgz",
            "integrity": "sha1-V3SNRTCuKNjbClSSGCugbf3y9Gg=",
            "requires": {
                "color-name": "1.1.2"
            }
        },
        "cheerio": {
            "version": "0.18.0",
            "resolved": "https://registry.npmjs.org/cheerio/-/cheerio-0.18.0.tgz",
            "integrity": "sha1-ThwGN35yW3QOmW4N/sNThj3md/o=",
            "requires": {
                "CSSselect": "0.4.1",
                "dom-serializer": "0.0.1",
                "entities": "1.1.1",
                "htmlparser2": "3.8.3",
                "lodash": "2.4.2"
            }
        },
        "cli-color": {
            "version": "0.3.3",
            "resolved": "https://registry.npmjs.org/cli-color/-/cli-color-0.3.3.tgz",
            "integrity": "sha1-EtW90Vj/igsNtAEZiRPAPfBp9vU=",
            "requires": {
                "d": "0.1.1",
                "es5-ext": "0.10.23",
                "memoizee": "0.3.10",
                "timers-ext": "0.1.2"
            }
        },
        "color-convert": {
            "version": "0.5.3",
            "resolved": "https://registry.npmjs.org/color-convert/-/color-convert-0.5.3.tgz",
            "integrity": "sha1-vbbGnOZg+t/+CwAHzER+G59ygr0="
        },
        "color-name": {
            "version": "1.1.2",
            "resolved": "https://registry.npmjs.org/color-name/-/color-name-1.1.2.tgz",
            "integrity": "sha1-XIq3K2S9IhXWF66VWeuxSEdc+Y0="
        },
        "colors.css": {
            "version": "3.0.0",
            "resolved": "https://registry.npmjs.org/colors.css/-/colors.css-3.0.0.tgz",
            "integrity": "sha1-URz0L7inGZqMvvSciKTqTx2Pnvw=",
            "dev": true
        },
        "cordova-android": {
            "version": "4.1.1",
            "resolved": "https://registry.npmjs.org/cordova-android/-/cordova-android-4.1.1.tgz",
            "integrity": "sha1-ttrfDRK3XEkg261nX2b4xdbq4AQ=",
            "requires": {
                "q": "0.9.7",
                "shelljs": "0.2.6"
            }
        },
        "cordova-jquery": {
            "version": "0.1.6",
            "resolved": "https://registry.npmjs.org/cordova-jquery/-/cordova-jquery-0.1.6.tgz",
            "integrity": "sha1-Uj5iLgAPxUOS3hryH7JWEI+9unY=",
            "requires": {
                "cheerio": "0.18.0",
                "inquirer": "0.8.0",
                "path": "0.4.9",
                "properties-reader": "0.0.10"
            }
        },
        "cordova-plugin-file": {
            "version": "4.3.3",
            "resolved": "https://registry.npmjs.org/cordova-plugin-file/-/cordova-plugin-file-4.3.3.tgz",
            "integrity": "sha1-AS6Xqhr7kfhJFuY0G1SDZtI96bk="
        },
        "cordova-plugin-globalization": {
            "version": "1.0.7",
            "resolved": "https://registry.npmjs.org/cordova-plugin-globalization/-/cordova-plugin-globalization-1.0.7.tgz",
            "integrity": "sha1-uZQYSPtetdzWM+aXERj61jj2SM8="
        },
        "cordova-plugin-statusbar": {
            "version": "2.2.3",
            "resolved": "https://registry.npmjs.org/cordova-plugin-statusbar/-/cordova-plugin-statusbar-2.2.3.tgz",
            "integrity": "sha1-UcXgKtQzvr0LDcl3pEbrkd/uFQI="
        },
        "core-util-is": {
            "version": "1.0.2",
            "resolved": "https://registry.npmjs.org/core-util-is/-/core-util-is-1.0.2.tgz",
            "integrity": "sha1-tf1UIgqivFq1eqtxQMlAdUUDwac="
        },
        "css-select": {
            "version": "1.3.0-rc0",
            "resolved": "https://registry.npmjs.org/css-select/-/css-select-1.3.0-rc0.tgz",
            "integrity": "sha1-b5MZaqrnN2ZuoQNqjLFKj8t6kjE=",
            "requires": {
                "boolbase": "1.0.0",
                "css-what": "2.1.0",
                "domutils": "1.5.1",
                "nth-check": "1.0.1"
            },
            "dependencies": {
                "domutils": {
                    "version": "1.5.1",
                    "resolved": "https://registry.npmjs.org/domutils/-/domutils-1.5.1.tgz",
                    "integrity": "sha1-3NhIiib1Y9YQeeSMn3t+Mjc2gs8=",
                    "requires": {
                        "dom-serializer": "0.0.1",
                        "domelementtype": "1.3.0"
                    }
                }
            }
        },
        "css-what": {
            "version": "2.1.0",
            "resolved": "https://registry.npmjs.org/css-what/-/css-what-2.1.0.tgz",
            "integrity": "sha1-lGfQMsOM+u+58teVASUwYvh/ob0="
        },
        "CSSselect": {
            "version": "0.4.1",
            "resolved": "https://registry.npmjs.org/CSSselect/-/CSSselect-0.4.1.tgz",
            "integrity": "sha1-+Kt+H4QYzmPNput713ioXX7EkrI=",
            "requires": {
                "CSSwhat": "0.4.7",
                "domutils": "1.4.3"
            }
        },
        "CSSwhat": {
            "version": "0.4.7",
            "resolved": "https://registry.npmjs.org/CSSwhat/-/CSSwhat-0.4.7.tgz",
            "integrity": "sha1-hn2g/zn3eGEyQsRM/qg/CqTr35s="
        },
        "d": {
            "version": "0.1.1",
            "resolved": "https://registry.npmjs.org/d/-/d-0.1.1.tgz",
            "integrity": "sha1-2hhMU10Y2O57oqoim5FACfrhEwk=",
            "requires": {
                "es5-ext": "0.10.23"
            }
        },
        "dom-serializer": {
            "version": "0.0.1",
            "resolved": "https://registry.npmjs.org/dom-serializer/-/dom-serializer-0.0.1.tgz",
            "integrity": "sha1-lYmCfx4y0iw3yCmtq9WbMkevjq8=",
            "requires": {
                "domelementtype": "1.1.3",
                "entities": "1.1.1"
            },
            "dependencies": {
                "domelementtype": {
                    "version": "1.1.3",
                    "resolved": "https://registry.npmjs.org/domelementtype/-/domelementtype-1.1.3.tgz",
                    "integrity": "sha1-vSh3PiZCiBrsUVRJJCmcXNgiGFs="
                }
            }
        },
        "domelementtype": {
            "version": "1.3.0",
            "resolved": "https://registry.npmjs.org/domelementtype/-/domelementtype-1.3.0.tgz",
            "integrity": "sha1-sXrtguirWeUt2cGbF1bg/BhyBMI="
        },
        "domhandler": {
            "version": "2.3.0",
            "resolved": "https://registry.npmjs.org/domhandler/-/domhandler-2.3.0.tgz",
            "integrity": "sha1-LeWaCCLVAn+r/28DLCsloqir5zg=",
            "requires": {
                "domelementtype": "1.3.0"
            }
        },
        "domutils": {
            "version": "1.4.3",
            "resolved": "https://registry.npmjs.org/domutils/-/domutils-1.4.3.tgz",
            "integrity": "sha1-CGVRN5bGswYDGFDhdVFrr4C3Km8=",
            "requires": {
                "domelementtype": "1.3.0"
            }
        },
        "entities": {
            "version": "1.1.1",
            "resolved": "https://registry.npmjs.org/entities/-/entities-1.1.1.tgz",
            "integrity": "sha1-blwtClYhtdra7O+AuQ7ftc13cvA="
        },
        "es5-ext": {
            "version": "0.10.23",
            "resolved": "https://registry.npmjs.org/es5-ext/-/es5-ext-0.10.23.tgz",
            "integrity": "sha1-dXi1G+l0IHpUh4IbVlOMIk5Oezg=",
            "requires": {
                "es6-iterator": "2.0.1",
                "es6-symbol": "3.1.1"
            }
        },
        "es6-iterator": {
            "version": "2.0.1",
            "resolved": "https://registry.npmjs.org/es6-iterator/-/es6-iterator-2.0.1.tgz",
            "integrity": "sha1-jjGcnwRTv1ddN0lAplWSDlnKVRI=",
            "requires": {
                "d": "1.0.0",
                "es5-ext": "0.10.23",
                "es6-symbol": "3.1.1"
            },
            "dependencies": {
                "d": {
                    "version": "1.0.0",
                    "resolved": "https://registry.npmjs.org/d/-/d-1.0.0.tgz",
                    "integrity": "sha1-dUu1v+VUUdpppYuU1F9MWwRi1Y8=",
                    "requires": {
                        "es5-ext": "0.10.23"
                    }
                }
            }
        },
        "es6-symbol": {
            "version": "3.1.1",
            "resolved": "https://registry.npmjs.org/es6-symbol/-/es6-symbol-3.1.1.tgz",
            "integrity": "sha1-vwDvT9q2uhtG7Le2KbTH7VcVzHc=",
            "requires": {
                "d": "1.0.0",
                "es5-ext": "0.10.23"
            },
            "dependencies": {
                "d": {
                    "version": "1.0.0",
                    "resolved": "https://registry.npmjs.org/d/-/d-1.0.0.tgz",
                    "integrity": "sha1-dUu1v+VUUdpppYuU1F9MWwRi1Y8=",
                    "requires": {
                        "es5-ext": "0.10.23"
                    }
                }
            }
        },
        "es6-weak-map": {
            "version": "0.1.4",
            "resolved": "https://registry.npmjs.org/es6-weak-map/-/es6-weak-map-0.1.4.tgz",
            "integrity": "sha1-cGzvnpmqI2undmwjnIueKG6n0ig=",
            "requires": {
                "d": "0.1.1",
                "es5-ext": "0.10.23",
                "es6-iterator": "0.1.3",
                "es6-symbol": "2.0.1"
            },
            "dependencies": {
                "es6-iterator": {
                    "version": "0.1.3",
                    "resolved": "https://registry.npmjs.org/es6-iterator/-/es6-iterator-0.1.3.tgz",
                    "integrity": "sha1-1vWLjE/EE8JJtLqhl2j45NfIlE4=",
                    "requires": {
                        "d": "0.1.1",
                        "es5-ext": "0.10.23",
                        "es6-symbol": "2.0.1"
                    }
                },
                "es6-symbol": {
                    "version": "2.0.1",
                    "resolved": "https://registry.npmjs.org/es6-symbol/-/es6-symbol-2.0.1.tgz",
                    "integrity": "sha1-dhtcZ8/U8dGK+yNPaR1nhoLLO/M=",
                    "requires": {
                        "d": "0.1.1",
                        "es5-ext": "0.10.23"
                    }
                }
            }
        },
        "escape-string-regexp": {
            "version": "1.0.5",
            "resolved": "https://registry.npmjs.org/escape-string-regexp/-/escape-string-regexp-1.0.5.tgz",
            "integrity": "sha1-G2HAViGQqN/2rjuyzwIAyhMLhtQ="
        },
        "event-emitter": {
            "version": "0.3.5",
            "resolved": "https://registry.npmjs.org/event-emitter/-/event-emitter-0.3.5.tgz",
            "integrity": "sha1-34xp7vFkeSPHFXuc6DhAYQsCzDk=",
            "requires": {
                "d": "1.0.0",
                "es5-ext": "0.10.23"
            },
            "dependencies": {
                "d": {
                    "version": "1.0.0",
                    "resolved": "https://registry.npmjs.org/d/-/d-1.0.0.tgz",
                    "integrity": "sha1-dUu1v+VUUdpppYuU1F9MWwRi1Y8=",
                    "requires": {
                        "es5-ext": "0.10.23"
                    }
                }
            }
        },
        "figures": {
            "version": "1.7.0",
            "resolved": "https://registry.npmjs.org/figures/-/figures-1.7.0.tgz",
            "integrity": "sha1-y+Hjr/zxzUS4DK3+0o3Hk6lwHS4=",
            "requires": {
                "escape-string-regexp": "1.0.5",
                "object-assign": "4.1.1"
            }
        },
        "has-ansi": {
            "version": "0.1.0",
            "resolved": "https://registry.npmjs.org/has-ansi/-/has-ansi-0.1.0.tgz",
            "integrity": "sha1-hPJlqujA5qiKEtcCKJS3VoiUxi4=",
            "requires": {
                "ansi-regex": "0.2.1"
            },
            "dependencies": {
                "ansi-regex": {
                    "version": "0.2.1",
                    "resolved": "https://registry.npmjs.org/ansi-regex/-/ansi-regex-0.2.1.tgz",
                    "integrity": "sha1-DY6UaWej2BQ/k+JOKYUl/BsiNfk="
                }
            }
        },
        "htmlparser2": {
            "version": "3.8.3",
            "resolved": "https://registry.npmjs.org/htmlparser2/-/htmlparser2-3.8.3.tgz",
            "integrity": "sha1-mWwosZFRaovoZQGn15dX5ccMEGg=",
            "requires": {
                "domelementtype": "1.3.0",
                "domhandler": "2.3.0",
                "domutils": "1.5.1",
                "entities": "1.0.0",
                "readable-stream": "1.1.14"
            },
            "dependencies": {
                "domutils": {
                    "version": "1.5.1",
                    "resolved": "https://registry.npmjs.org/domutils/-/domutils-1.5.1.tgz",
                    "integrity": "sha1-3NhIiib1Y9YQeeSMn3t+Mjc2gs8=",
                    "requires": {
                        "dom-serializer": "0.0.1",
                        "domelementtype": "1.3.0"
                    }
                },
                "entities": {
                    "version": "1.0.0",
                    "resolved": "https://registry.npmjs.org/entities/-/entities-1.0.0.tgz",
                    "integrity": "sha1-sph6o4ITR/zeZCsk/fyeT7cSvyY="
                }
            }
        },
        "inherits": {
            "version": "2.0.3",
            "resolved": "https://registry.npmjs.org/inherits/-/inherits-2.0.3.tgz",
            "integrity": "sha1-Yzwsg+PaQqUC9SRmAiSA9CCCYd4="
        },
        "inquirer": {
            "version": "0.8.0",
            "resolved": "https://registry.npmjs.org/inquirer/-/inquirer-0.8.0.tgz",
            "integrity": "sha1-Ul1N2CfU89UGtFNyYGj5DeuZtEM=",
            "requires": {
                "ansi-regex": "1.1.1",
                "chalk": "0.5.1",
                "cli-color": "0.3.3",
                "figures": "1.7.0",
                "lodash": "2.4.2",
                "mute-stream": "0.0.4",
                "readline2": "0.1.1",
                "rx": "2.5.3",
                "through": "2.3.8"
            }
        },
        "isarray": {
            "version": "0.0.1",
            "resolved": "https://registry.npmjs.org/isarray/-/isarray-0.0.1.tgz",
            "integrity": "sha1-ihis/Kmo9Bd+Cav8YDiTmwXR7t8="
        },
        "lodash": {
            "version": "2.4.2",
            "resolved": "https://registry.npmjs.org/lodash/-/lodash-2.4.2.tgz",
            "integrity": "sha1-+t2DS5aDBz2hebPq5tnA0VBT9z4="
        },
        "lru-queue": {
            "version": "0.1.0",
            "resolved": "https://registry.npmjs.org/lru-queue/-/lru-queue-0.1.0.tgz",
            "integrity": "sha1-Jzi9nw089PhEkMVzbEhpmsYyzaM=",
            "requires": {
                "es5-ext": "0.10.23"
            }
        },
        "memoizee": {
            "version": "0.3.10",
            "resolved": "https://registry.npmjs.org/memoizee/-/memoizee-0.3.10.tgz",
            "integrity": "sha1-TsoNiu057J0Bf0xcLy9kMvQuXI8=",
            "requires": {
                "d": "0.1.1",
                "es5-ext": "0.10.23",
                "es6-weak-map": "0.1.4",
                "event-emitter": "0.3.5",
                "lru-queue": "0.1.0",
                "next-tick": "0.2.2",
                "timers-ext": "0.1.2"
            }
        },
        "mkdirp": {
            "version": "0.3.5",
            "resolved": "https://registry.npmjs.org/mkdirp/-/mkdirp-0.3.5.tgz",
            "integrity": "sha1-3j5fiWHIjHh+4TaN+EmsRBPsqNc="
        },
        "moment": {
            "version": "2.18.1",
            "resolved": "https://registry.npmjs.org/moment/-/moment-2.18.1.tgz",
            "integrity": "sha1-w2GT3Tzhwu7SrbfIAtu8d6gbHA8="
        },
        "mute-stream": {
            "version": "0.0.4",
            "resolved": "https://registry.npmjs.org/mute-stream/-/mute-stream-0.0.4.tgz",
            "integrity": "sha1-qSGZYKbV1dBGWXruUSUsZlX3F34="
        },
        "next-tick": {
            "version": "0.2.2",
            "resolved": "https://registry.npmjs.org/next-tick/-/next-tick-0.2.2.tgz",
            "integrity": "sha1-ddpKkn7liH45BliABltzNkE7MQ0="
        },
        "nth-check": {
            "version": "1.0.1",
            "resolved": "https://registry.npmjs.org/nth-check/-/nth-check-1.0.1.tgz",
            "integrity": "sha1-mSms32KPwsQQmN6rgqxYDPFJquQ=",
            "requires": {
                "boolbase": "1.0.0"
            }
        },
        "object-assign": {
            "version": "4.1.1",
            "resolved": "https://registry.npmjs.org/object-assign/-/object-assign-4.1.1.tgz",
            "integrity": "sha1-IQmtx5ZYh8/AXLvUQsrIv7s2CGM="
        },
        "path": {
            "version": "0.4.9",
            "resolved": "https://registry.npmjs.org/path/-/path-0.4.9.tgz",
            "integrity": "sha1-OAxo0BJz5D+TaNetUP7l4+jUd/A="
        },
        "properties-reader": {
            "version": "0.0.10",
            "resolved": "https://registry.npmjs.org/properties-reader/-/properties-reader-0.0.10.tgz",
            "integrity": "sha1-rbOnZa1/guRR/PpSXiz5s9oEPRA=",
            "requires": {
                "mkdirp": "0.3.5"
            }
        },
        "q": {
            "version": "0.9.7",
            "resolved": "https://registry.npmjs.org/q/-/q-0.9.7.tgz",
            "integrity": "sha1-TeLmyzspCIyeTLwDv51C+5bOL3U="
        },
        "readable-stream": {
            "version": "1.1.14",
            "resolved": "https://registry.npmjs.org/readable-stream/-/readable-stream-1.1.14.tgz",
            "integrity": "sha1-fPTFTvZI44EwhMY23SB54WbAgdk=",
            "requires": {
                "core-util-is": "1.0.2",
                "inherits": "2.0.3",
                "isarray": "0.0.1",
                "string_decoder": "0.10.31"
            }
        },
        "readline2": {
            "version": "0.1.1",
            "resolved": "https://registry.npmjs.org/readline2/-/readline2-0.1.1.tgz",
            "integrity": "sha1-mUQ7pug7gw7zBRv9fcJBqCco1Wg=",
            "requires": {
                "mute-stream": "0.0.4",
                "strip-ansi": "2.0.1"
            },
            "dependencies": {
                "strip-ansi": {
                    "version": "2.0.1",
                    "resolved": "https://registry.npmjs.org/strip-ansi/-/strip-ansi-2.0.1.tgz",
                    "integrity": "sha1-32LBqpTtLxFOHQ8h/R1QSCt5pg4=",
                    "requires": {
                        "ansi-regex": "1.1.1"
                    }
                }
            }
        },
        "rx": {
            "version": "2.5.3",
            "resolved": "https://registry.npmjs.org/rx/-/rx-2.5.3.tgz",
            "integrity": "sha1-Ia3H2A8CACr1Da6X/Z2/JIdV9WY="
        },
        "shelljs": {
            "version": "0.2.6",
            "resolved": "https://registry.npmjs.org/shelljs/-/shelljs-0.2.6.tgz",
            "integrity": "sha1-kEktcv/MgVmXa6umL7D2iE8MM3g="
        },
        "string_decoder": {
            "version": "0.10.31",
            "resolved": "https://registry.npmjs.org/string_decoder/-/string_decoder-0.10.31.tgz",
            "integrity": "sha1-YuIDvEF2bGwoyfyEMB2rHFMQ+pQ="
        },
        "strip-ansi": {
            "version": "0.3.0",
            "resolved": "https://registry.npmjs.org/strip-ansi/-/strip-ansi-0.3.0.tgz",
            "integrity": "sha1-JfSOoiynkYfzF0pNuHWTR7sSYiA=",
            "requires": {
                "ansi-regex": "0.2.1"
            },
            "dependencies": {
                "ansi-regex": {
                    "version": "0.2.1",
                    "resolved": "https://registry.npmjs.org/ansi-regex/-/ansi-regex-0.2.1.tgz",
                    "integrity": "sha1-DY6UaWej2BQ/k+JOKYUl/BsiNfk="
                }
            }
        },
        "supports-color": {
            "version": "0.2.0",
            "resolved": "https://registry.npmjs.org/supports-color/-/supports-color-0.2.0.tgz",
            "integrity": "sha1-2S3iaU6z9nMjlz1649i1W0wiGQo="
        },
        "through": {
            "version": "2.3.8",
            "resolved": "https://registry.npmjs.org/through/-/through-2.3.8.tgz",
            "integrity": "sha1-DdTJ/6q8NXlgsbckEV1+Doai4fU="
        },
        "timers-ext": {
            "version": "0.1.2",
            "resolved": "https://registry.npmjs.org/timers-ext/-/timers-ext-0.1.2.tgz",
            "integrity": "sha1-YcxHp2wavTGV8UUn+XjViulMUgQ=",
            "requires": {
                "es5-ext": "0.10.23",
                "next-tick": "1.0.0"
            },
            "dependencies": {
                "next-tick": {
                    "version": "1.0.0",
                    "resolved": "https://registry.npmjs.org/next-tick/-/next-tick-1.0.0.tgz",
                    "integrity": "sha1-yobR/ogoFpsBICCOPchCS524NCw="
                }
            }
        }
    }
}
